// !$*UTF8*$!
{
	archiveVersion = 1;
	classes = {
	};
	objectVersion = 46;
	objects = {

/* Begin PBXBuildFile section */
		050CECDA15F600410044CCB9 /* UIKit.framework in Frameworks */ = {isa = PBXBuildFile; fileRef = 050CECD915F600410044CCB9 /* UIKit.framework */; };
		050CECDC15F600410044CCB9 /* Foundation.framework in Frameworks */ = {isa = PBXBuildFile; fileRef = 050CECDB15F600410044CCB9 /* Foundation.framework */; };
		050CECDE15F600410044CCB9 /* CoreGraphics.framework in Frameworks */ = {isa = PBXBuildFile; fileRef = 050CECDD15F600410044CCB9 /* CoreGraphics.framework */; };
		050CECE415F600410044CCB9 /* InfoPlist.strings in Resources */ = {isa = PBXBuildFile; fileRef = 050CECE215F600410044CCB9 /* InfoPlist.strings */; };
		050CECE615F600410044CCB9 /* main.m in Sources */ = {isa = PBXBuildFile; fileRef = 050CECE515F600410044CCB9 /* main.m */; };
		050CECEA15F600410044CCB9 /* AppDelegate.m in Sources */ = {isa = PBXBuildFile; fileRef = 050CECE915F600410044CCB9 /* AppDelegate.m */; };
		0579A4E5160810ED00309253 /* MCSegmentedControl.m in Sources */ = {isa = PBXBuildFile; fileRef = 0579A4E4160810ED00309253 /* MCSegmentedControl.m */; };
		0579A4E81608132100309253 /* inspectTable.png in Resources */ = {isa = PBXBuildFile; fileRef = 0579A4E71608132100309253 /* inspectTable.png */; };
		05A08054160725B000EF52BC /* LogicBase.m in Sources */ = {isa = PBXBuildFile; fileRef = 05A08043160725B000EF52BC /* LogicBase.m */; };
		05A08055160725B000EF52BC /* CellService.m in Sources */ = {isa = PBXBuildFile; fileRef = 05A08044160725B000EF52BC /* CellService.m */; };
		05A08056160725B000EF52BC /* DatabaseHelper.m in Sources */ = {isa = PBXBuildFile; fileRef = 05A08046160725B000EF52BC /* DatabaseHelper.m */; };
		05A08057160725B000EF52BC /* Update.m in Sources */ = {isa = PBXBuildFile; fileRef = 05A08047160725B000EF52BC /* Update.m */; };
		05A08058160725B000EF52BC /* Common.m in Sources */ = {isa = PBXBuildFile; fileRef = 05A0804A160725B000EF52BC /* Common.m */; };
		05A08059160725B000EF52BC /* Settings.m in Sources */ = {isa = PBXBuildFile; fileRef = 05A0804E160725B000EF52BC /* Settings.m */; };
		05A0805A160725B000EF52BC /* Config.m in Sources */ = {isa = PBXBuildFile; fileRef = 05A08050160725B000EF52BC /* Config.m */; };
		05A0805B160725B000EF52BC /* Reachability.m in Sources */ = {isa = PBXBuildFile; fileRef = 05A08053160725B000EF52BC /* Reachability.m */; };
		05A08077160725FC00EF52BC /* DCRoundSwitch.m in Sources */ = {isa = PBXBuildFile; fileRef = 05A08070160725FC00EF52BC /* DCRoundSwitch.m */; settings = {COMPILER_FLAGS = "-fno-objc-arc"; }; };
		05A08078160725FC00EF52BC /* DCRoundSwitchKnobLayer.m in Sources */ = {isa = PBXBuildFile; fileRef = 05A08072160725FC00EF52BC /* DCRoundSwitchKnobLayer.m */; settings = {COMPILER_FLAGS = "-fno-objc-arc"; }; };
		05A08079160725FC00EF52BC /* DCRoundSwitchOutlineLayer.m in Sources */ = {isa = PBXBuildFile; fileRef = 05A08074160725FC00EF52BC /* DCRoundSwitchOutlineLayer.m */; settings = {COMPILER_FLAGS = "-fno-objc-arc"; }; };
		05A0807A160725FC00EF52BC /* DCRoundSwitchToggleLayer.m in Sources */ = {isa = PBXBuildFile; fileRef = 05A08076160725FC00EF52BC /* DCRoundSwitchToggleLayer.m */; settings = {COMPILER_FLAGS = "-fno-objc-arc"; }; };
		05A0807C1607265D00EF52BC /* login.jpg in Resources */ = {isa = PBXBuildFile; fileRef = 05A0807B1607265D00EF52BC /* login.jpg */; };
		05A0807E160726D700EF52BC /* bg_inst.png in Resources */ = {isa = PBXBuildFile; fileRef = 05A0807D160726D700EF52BC /* bg_inst.png */; };
		05A08088160726F500EF52BC /* btn_submit.png in Resources */ = {isa = PBXBuildFile; fileRef = 05A0807F160726F500EF52BC /* btn_submit.png */; };
		05A08089160726F500EF52BC /* btn_save.png in Resources */ = {isa = PBXBuildFile; fileRef = 05A08080160726F500EF52BC /* btn_save.png */; };
		05A0808A160726F500EF52BC /* bg_ins3.png in Resources */ = {isa = PBXBuildFile; fileRef = 05A08081160726F500EF52BC /* bg_ins3.png */; };
		05A0808B160726F500EF52BC /* bg_ins2.png in Resources */ = {isa = PBXBuildFile; fileRef = 05A08082160726F500EF52BC /* bg_ins2.png */; };
		05A0808C160726F500EF52BC /* bg_ins1.png in Resources */ = {isa = PBXBuildFile; fileRef = 05A08083160726F500EF52BC /* bg_ins1.png */; };
		05A0808D160726F500EF52BC /* inspect_bg3.png in Resources */ = {isa = PBXBuildFile; fileRef = 05A08084160726F500EF52BC /* inspect_bg3.png */; };
		05A0808E160726F500EF52BC /* inspect_bg2.png in Resources */ = {isa = PBXBuildFile; fileRef = 05A08085160726F500EF52BC /* inspect_bg2.png */; };
		05A0808F160726F500EF52BC /* inspect_bg1.png in Resources */ = {isa = PBXBuildFile; fileRef = 05A08086160726F500EF52BC /* inspect_bg1.png */; };
		05A08090160726F500EF52BC /* close.png in Resources */ = {isa = PBXBuildFile; fileRef = 05A08087160726F500EF52BC /* close.png */; };
		05A08092160726FE00EF52BC /* inspect2.png in Resources */ = {isa = PBXBuildFile; fileRef = 05A08091160726FE00EF52BC /* inspect2.png */; };
		05AF33D9160ADBA400A8B64E /* config.plist in Resources */ = {isa = PBXBuildFile; fileRef = 05AF33D8160ADBA300A8B64E /* config.plist */; };
		A6A8F5FD15FDA98300E29A1E /* libsqlite3.0.dylib in Frameworks */ = {isa = PBXBuildFile; fileRef = A6A8F5FC15FDA98300E29A1E /* libsqlite3.0.dylib */; };
		A6A8F61515FDDE0800E29A1E /* SystemConfiguration.framework in Frameworks */ = {isa = PBXBuildFile; fileRef = A6A8F61415FDDE0800E29A1E /* SystemConfiguration.framework */; };
		A6C6FCDE160721F600AA3685 /* down.png in Resources */ = {isa = PBXBuildFile; fileRef = A6C6FCDA160721F600AA3685 /* down.png */; };
		A6C6FCDF160721F600AA3685 /* down2.png in Resources */ = {isa = PBXBuildFile; fileRef = A6C6FCDB160721F600AA3685 /* down2.png */; };
		A6C6FCE0160721F600AA3685 /* up.png in Resources */ = {isa = PBXBuildFile; fileRef = A6C6FCDC160721F600AA3685 /* up.png */; };
		A6C6FCE1160721F600AA3685 /* up2.png in Resources */ = {isa = PBXBuildFile; fileRef = A6C6FCDD160721F600AA3685 /* up2.png */; };
		A6D3E04F160320BB0013BF4C /* alt_bg.png in Resources */ = {isa = PBXBuildFile; fileRef = A6D3E03A160320BB0013BF4C /* alt_bg.png */; };
		A6D3E050160320BB0013BF4C /* arrow.png in Resources */ = {isa = PBXBuildFile; fileRef = A6D3E03B160320BB0013BF4C /* arrow.png */; };
		A6D3E051160320BB0013BF4C /* bottom.png in Resources */ = {isa = PBXBuildFile; fileRef = A6D3E03C160320BB0013BF4C /* bottom.png */; };
		A6D3E052160320BB0013BF4C /* btn_back.png in Resources */ = {isa = PBXBuildFile; fileRef = A6D3E03D160320BB0013BF4C /* btn_back.png */; };
		A6D3E053160320BB0013BF4C /* btn_inspect.png in Resources */ = {isa = PBXBuildFile; fileRef = A6D3E03E160320BB0013BF4C /* btn_inspect.png */; };
		A6D3E054160320BB0013BF4C /* btn.png in Resources */ = {isa = PBXBuildFile; fileRef = A6D3E03F160320BB0013BF4C /* btn.png */; };
		A6D3E055160320BB0013BF4C /* dqjc_1.png in Resources */ = {isa = PBXBuildFile; fileRef = A6D3E040160320BB0013BF4C /* dqjc_1.png */; };
		A6D3E056160320BB0013BF4C /* fc_1.png in Resources */ = {isa = PBXBuildFile; fileRef = A6D3E041160320BB0013BF4C /* fc_1.png */; };
		A6D3E057160320BB0013BF4C /* home_bg.png in Resources */ = {isa = PBXBuildFile; fileRef = A6D3E042160320BB0013BF4C /* home_bg.png */; };
		A6D3E058160320BB0013BF4C /* icon_inspect_edit.png in Resources */ = {isa = PBXBuildFile; fileRef = A6D3E043160320BB0013BF4C /* icon_inspect_edit.png */; };
		A6D3E059160320BB0013BF4C /* icon_inspect.png in Resources */ = {isa = PBXBuildFile; fileRef = A6D3E044160320BB0013BF4C /* icon_inspect.png */; };
		A6D3E05A160320BB0013BF4C /* inspect_0.png in Resources */ = {isa = PBXBuildFile; fileRef = A6D3E045160320BB0013BF4C /* inspect_0.png */; };
		A6D3E05B160320BB0013BF4C /* inspect_bg.png in Resources */ = {isa = PBXBuildFile; fileRef = A6D3E046160320BB0013BF4C /* inspect_bg.png */; };
		A6D3E05C160320BB0013BF4C /* inspect.png in Resources */ = {isa = PBXBuildFile; fileRef = A6D3E047160320BB0013BF4C /* inspect.png */; };
		A6D3E05D160320BB0013BF4C /* line.png in Resources */ = {isa = PBXBuildFile; fileRef = A6D3E048160320BB0013BF4C /* line.png */; };
		A6D3E05E160320BB0013BF4C /* login_sumit.png in Resources */ = {isa = PBXBuildFile; fileRef = A6D3E049160320BB0013BF4C /* login_sumit.png */; };
		A6D3E05F160320BB0013BF4C /* ok.png in Resources */ = {isa = PBXBuildFile; fileRef = A6D3E04A160320BB0013BF4C /* ok.png */; };
		A6D3E060160320BB0013BF4C /* sjcc_1.png in Resources */ = {isa = PBXBuildFile; fileRef = A6D3E04B160320BB0013BF4C /* sjcc_1.png */; };
		A6D3E061160320BB0013BF4C /* title_header.png in Resources */ = {isa = PBXBuildFile; fileRef = A6D3E04C160320BB0013BF4C /* title_header.png */; };
		A6D3E062160320BB0013BF4C /* title1.png in Resources */ = {isa = PBXBuildFile; fileRef = A6D3E04D160320BB0013BF4C /* title1.png */; };
		A6D3E063160320BB0013BF4C /* update.gif in Resources */ = {isa = PBXBuildFile; fileRef = A6D3E04E160320BB0013BF4C /* update.gif */; };
		A6D3E075160321C70013BF4C /* InputViewController.m in Sources */ = {isa = PBXBuildFile; fileRef = A6D3E064160321C70013BF4C /* InputViewController.m */; };
		A6D3E076160321C70013BF4C /* ManageViewController.xib in Resources */ = {isa = PBXBuildFile; fileRef = A6D3E066160321C70013BF4C /* ManageViewController.xib */; };
		A6D3E077160321C70013BF4C /* ManageViewController.m in Sources */ = {isa = PBXBuildFile; fileRef = A6D3E067160321C70013BF4C /* ManageViewController.m */; };
		A6D3E078160321C70013BF4C /* InputSubView.m in Sources */ = {isa = PBXBuildFile; fileRef = A6D3E068160321C70013BF4C /* InputSubView.m */; };
		A6D3E079160321C70013BF4C /* WelcomeViewController.m in Sources */ = {isa = PBXBuildFile; fileRef = A6D3E069160321C70013BF4C /* WelcomeViewController.m */; };
		A6D3E07A160321C70013BF4C /* LoginViewController.m in Sources */ = {isa = PBXBuildFile; fileRef = A6D3E06B160321C70013BF4C /* LoginViewController.m */; };
		A6D3E07B160321C70013BF4C /* HomeViewController.xib in Resources */ = {isa = PBXBuildFile; fileRef = A6D3E06C160321C70013BF4C /* HomeViewController.xib */; };
		A6D3E07C160321C70013BF4C /* HomeViewController.m in Sources */ = {isa = PBXBuildFile; fileRef = A6D3E06D160321C70013BF4C /* HomeViewController.m */; };
		A6D3E07D160321C70013BF4C /* InputViewController.xib in Resources */ = {isa = PBXBuildFile; fileRef = A6D3E070160321C70013BF4C /* InputViewController.xib */; };
		A6D3E07E160321C70013BF4C /* InputSubView.xib in Resources */ = {isa = PBXBuildFile; fileRef = A6D3E071160321C70013BF4C /* InputSubView.xib */; };
		A6D3E07F160321C70013BF4C /* LoginViewController.xib in Resources */ = {isa = PBXBuildFile; fileRef = A6D3E072160321C70013BF4C /* LoginViewController.xib */; };
		A6D3E080160321C70013BF4C /* WelcomeViewController.xib in Resources */ = {isa = PBXBuildFile; fileRef = A6D3E074160321C70013BF4C /* WelcomeViewController.xib */; };
		A6D3E0D01603226A0013BF4C /* FirstItemViewController.m in Sources */ = {isa = PBXBuildFile; fileRef = A6D3E0B11603226A0013BF4C /* FirstItemViewController.m */; };
		A6D3E0D11603226A0013BF4C /* InspectTableViewCell.m in Sources */ = {isa = PBXBuildFile; fileRef = A6D3E0B31603226A0013BF4C /* InspectTableViewCell.m */; };
		A6D3E0D21603226A0013BF4C /* InspectTableViewCell.xib in Resources */ = {isa = PBXBuildFile; fileRef = A6D3E0B41603226A0013BF4C /* InspectTableViewCell.xib */; };
		A6D3E0D31603226A0013BF4C /* InspectViewController.m in Sources */ = {isa = PBXBuildFile; fileRef = A6D3E0B61603226A0013BF4C /* InspectViewController.m */; };
		A6D3E0D41603226A0013BF4C /* InspectViewController.xib in Resources */ = {isa = PBXBuildFile; fileRef = A6D3E0B71603226A0013BF4C /* InspectViewController.xib */; };
		A6D3E0D51603226A0013BF4C /* PopViewController.m in Sources */ = {isa = PBXBuildFile; fileRef = A6D3E0B91603226A0013BF4C /* PopViewController.m */; };
		A6D3E0D61603226A0013BF4C /* PopViewController.xib in Resources */ = {isa = PBXBuildFile; fileRef = A6D3E0BA1603226A0013BF4C /* PopViewController.xib */; };
		A6D3E0D71603226A0013BF4C /* SecondItemViewController.m in Sources */ = {isa = PBXBuildFile; fileRef = A6D3E0BC1603226A0013BF4C /* SecondItemViewController.m */; };
		A6D3E0D81603226A0013BF4C /* ThirdLevelTableViewCell.m in Sources */ = {isa = PBXBuildFile; fileRef = A6D3E0BE1603226A0013BF4C /* ThirdLevelTableViewCell.m */; };
		A6D3E0D91603226A0013BF4C /* ThirdLevelTableViewCell.xib in Resources */ = {isa = PBXBuildFile; fileRef = A6D3E0BF1603226A0013BF4C /* ThirdLevelTableViewCell.xib */; };
		A6D3E0DA1603226A0013BF4C /* InspectItemModel.m in Sources */ = {isa = PBXBuildFile; fileRef = A6D3E0C21603226A0013BF4C /* InspectItemModel.m */; };
		A6D3E0DB1603226A0013BF4C /* InspectModel.m in Sources */ = {isa = PBXBuildFile; fileRef = A6D3E0C41603226A0013BF4C /* InspectModel.m */; };
		A6D3E0DC1603226A0013BF4C /* ScoreItemModel.m in Sources */ = {isa = PBXBuildFile; fileRef = A6D3E0C61603226A0013BF4C /* ScoreItemModel.m */; };
		A6D3E0DD1603226A0013BF4C /* InspectService.m in Sources */ = {isa = PBXBuildFile; fileRef = A6D3E0C91603226A0013BF4C /* InspectService.m */; };
		A6D3E0DF160325690013BF4C /* QuartzCore.framework in Frameworks */ = {isa = PBXBuildFile; fileRef = A6D3E0DE160325690013BF4C /* QuartzCore.framework */; };
/* End PBXBuildFile section */

/* Begin PBXFileReference section */
		050CECD515F600410044CCB9 /* CC.app */ = {isa = PBXFileReference; explicitFileType = wrapper.application; includeInIndex = 0; path = CC.app; sourceTree = BUILT_PRODUCTS_DIR; };
		050CECD915F600410044CCB9 /* UIKit.framework */ = {isa = PBXFileReference; lastKnownFileType = wrapper.framework; name = UIKit.framework; path = System/Library/Frameworks/UIKit.framework; sourceTree = SDKROOT; };
		050CECDB15F600410044CCB9 /* Foundation.framework */ = {isa = PBXFileReference; lastKnownFileType = wrapper.framework; name = Foundation.framework; path = System/Library/Frameworks/Foundation.framework; sourceTree = SDKROOT; };
		050CECDD15F600410044CCB9 /* CoreGraphics.framework */ = {isa = PBXFileReference; lastKnownFileType = wrapper.framework; name = CoreGraphics.framework; path = System/Library/Frameworks/CoreGraphics.framework; sourceTree = SDKROOT; };
		050CECE115F600410044CCB9 /* CC-Info.plist */ = {isa = PBXFileReference; lastKnownFileType = text.plist.xml; path = "CC-Info.plist"; sourceTree = "<group>"; };
		050CECE315F600410044CCB9 /* en */ = {isa = PBXFileReference; lastKnownFileType = text.plist.strings; name = en; path = en.lproj/InfoPlist.strings; sourceTree = "<group>"; };
		050CECE515F600410044CCB9 /* main.m */ = {isa = PBXFileReference; lastKnownFileType = sourcecode.c.objc; path = main.m; sourceTree = "<group>"; };
		050CECE715F600410044CCB9 /* CC-Prefix.pch */ = {isa = PBXFileReference; lastKnownFileType = sourcecode.c.h; path = "CC-Prefix.pch"; sourceTree = "<group>"; };
		050CECE815F600410044CCB9 /* AppDelegate.h */ = {isa = PBXFileReference; lastKnownFileType = sourcecode.c.h; path = AppDelegate.h; sourceTree = "<group>"; };
		050CECE915F600410044CCB9 /* AppDelegate.m */ = {isa = PBXFileReference; lastKnownFileType = sourcecode.c.objc; path = AppDelegate.m; sourceTree = "<group>"; };
		0579A4E3160810ED00309253 /* MCSegmentedControl.h */ = {isa = PBXFileReference; fileEncoding = 4; lastKnownFileType = sourcecode.c.h; path = MCSegmentedControl.h; sourceTree = "<group>"; };
		0579A4E4160810ED00309253 /* MCSegmentedControl.m */ = {isa = PBXFileReference; fileEncoding = 4; lastKnownFileType = sourcecode.c.objc; path = MCSegmentedControl.m; sourceTree = "<group>"; };
		0579A4E71608132100309253 /* inspectTable.png */ = {isa = PBXFileReference; lastKnownFileType = image.png; name = inspectTable.png; path = Images/inspectTable.png; sourceTree = "<group>"; };
		05A08043160725B000EF52BC /* LogicBase.m */ = {isa = PBXFileReference; fileEncoding = 4; lastKnownFileType = sourcecode.c.objc; name = LogicBase.m; path = Class/LogicBase.m; sourceTree = "<group>"; };
		05A08044160725B000EF52BC /* CellService.m */ = {isa = PBXFileReference; fileEncoding = 4; lastKnownFileType = sourcecode.c.objc; name = CellService.m; path = Class/CellService.m; sourceTree = "<group>"; };
		05A08045160725B000EF52BC /* LogicBase.h */ = {isa = PBXFileReference; fileEncoding = 4; lastKnownFileType = sourcecode.c.h; name = LogicBase.h; path = Class/LogicBase.h; sourceTree = "<group>"; };
		05A08046160725B000EF52BC /* DatabaseHelper.m */ = {isa = PBXFileReference; fileEncoding = 4; lastKnownFileType = sourcecode.c.objc; name = DatabaseHelper.m; path = Class/DatabaseHelper.m; sourceTree = "<group>"; };
		05A08047160725B000EF52BC /* Update.m */ = {isa = PBXFileReference; fileEncoding = 4; lastKnownFileType = sourcecode.c.objc; name = Update.m; path = Class/Update.m; sourceTree = "<group>"; };
		05A08048160725B000EF52BC /* DatabaseHelper.h */ = {isa = PBXFileReference; fileEncoding = 4; lastKnownFileType = sourcecode.c.h; name = DatabaseHelper.h; path = Class/DatabaseHelper.h; sourceTree = "<group>"; };
		05A08049160725B000EF52BC /* Common.h */ = {isa = PBXFileReference; fileEncoding = 4; lastKnownFileType = sourcecode.c.h; name = Common.h; path = Class/Common.h; sourceTree = "<group>"; };
		05A0804A160725B000EF52BC /* Common.m */ = {isa = PBXFileReference; fileEncoding = 4; lastKnownFileType = sourcecode.c.objc; name = Common.m; path = Class/Common.m; sourceTree = "<group>"; };
		05A0804B160725B000EF52BC /* Update.h */ = {isa = PBXFileReference; fileEncoding = 4; lastKnownFileType = sourcecode.c.h; name = Update.h; path = Class/Update.h; sourceTree = "<group>"; };
		05A0804C160725B000EF52BC /* ViewDelegate.h */ = {isa = PBXFileReference; fileEncoding = 4; lastKnownFileType = sourcecode.c.h; name = ViewDelegate.h; path = Class/ViewDelegate.h; sourceTree = "<group>"; };
		05A0804D160725B000EF52BC /* Settings.h */ = {isa = PBXFileReference; fileEncoding = 4; lastKnownFileType = sourcecode.c.h; name = Settings.h; path = Class/Settings.h; sourceTree = "<group>"; };
		05A0804E160725B000EF52BC /* Settings.m */ = {isa = PBXFileReference; fileEncoding = 4; lastKnownFileType = sourcecode.c.objc; name = Settings.m; path = Class/Settings.m; sourceTree = "<group>"; };
		05A0804F160725B000EF52BC /* CellService.h */ = {isa = PBXFileReference; fileEncoding = 4; lastKnownFileType = sourcecode.c.h; name = CellService.h; path = Class/CellService.h; sourceTree = "<group>"; };
		05A08050160725B000EF52BC /* Config.m */ = {isa = PBXFileReference; fileEncoding = 4; lastKnownFileType = sourcecode.c.objc; name = Config.m; path = Class/Config.m; sourceTree = "<group>"; };
		05A08051160725B000EF52BC /* Config.h */ = {isa = PBXFileReference; fileEncoding = 4; lastKnownFileType = sourcecode.c.h; name = Config.h; path = Class/Config.h; sourceTree = "<group>"; };
		05A08052160725B000EF52BC /* Reachability.h */ = {isa = PBXFileReference; fileEncoding = 4; lastKnownFileType = sourcecode.c.h; name = Reachability.h; path = Class/Reachability.h; sourceTree = "<group>"; };
		05A08053160725B000EF52BC /* Reachability.m */ = {isa = PBXFileReference; fileEncoding = 4; lastKnownFileType = sourcecode.c.objc; name = Reachability.m; path = Class/Reachability.m; sourceTree = "<group>"; };
		05A0806F160725FC00EF52BC /* DCRoundSwitch.h */ = {isa = PBXFileReference; fileEncoding = 4; lastKnownFileType = sourcecode.c.h; path = DCRoundSwitch.h; sourceTree = "<group>"; };
		05A08070160725FC00EF52BC /* DCRoundSwitch.m */ = {isa = PBXFileReference; fileEncoding = 4; lastKnownFileType = sourcecode.c.objc; path = DCRoundSwitch.m; sourceTree = "<group>"; };
		05A08071160725FC00EF52BC /* DCRoundSwitchKnobLayer.h */ = {isa = PBXFileReference; fileEncoding = 4; lastKnownFileType = sourcecode.c.h; path = DCRoundSwitchKnobLayer.h; sourceTree = "<group>"; };
		05A08072160725FC00EF52BC /* DCRoundSwitchKnobLayer.m */ = {isa = PBXFileReference; fileEncoding = 4; lastKnownFileType = sourcecode.c.objc; path = DCRoundSwitchKnobLayer.m; sourceTree = "<group>"; };
		05A08073160725FC00EF52BC /* DCRoundSwitchOutlineLayer.h */ = {isa = PBXFileReference; fileEncoding = 4; lastKnownFileType = sourcecode.c.h; path = DCRoundSwitchOutlineLayer.h; sourceTree = "<group>"; };
		05A08074160725FC00EF52BC /* DCRoundSwitchOutlineLayer.m */ = {isa = PBXFileReference; fileEncoding = 4; lastKnownFileType = sourcecode.c.objc; path = DCRoundSwitchOutlineLayer.m; sourceTree = "<group>"; };
		05A08075160725FC00EF52BC /* DCRoundSwitchToggleLayer.h */ = {isa = PBXFileReference; fileEncoding = 4; lastKnownFileType = sourcecode.c.h; path = DCRoundSwitchToggleLayer.h; sourceTree = "<group>"; };
		05A08076160725FC00EF52BC /* DCRoundSwitchToggleLayer.m */ = {isa = PBXFileReference; fileEncoding = 4; lastKnownFileType = sourcecode.c.objc; path = DCRoundSwitchToggleLayer.m; sourceTree = "<group>"; };
		05A0807B1607265D00EF52BC /* login.jpg */ = {isa = PBXFileReference; lastKnownFileType = image.jpeg; name = login.jpg; path = Images/login.jpg; sourceTree = "<group>"; };
		05A0807D160726D700EF52BC /* bg_inst.png */ = {isa = PBXFileReference; lastKnownFileType = image.png; name = bg_inst.png; path = Images/bg_inst.png; sourceTree = "<group>"; };
		05A0807F160726F500EF52BC /* btn_submit.png */ = {isa = PBXFileReference; lastKnownFileType = image.png; name = btn_submit.png; path = Images/btn_submit.png; sourceTree = "<group>"; };
		05A08080160726F500EF52BC /* btn_save.png */ = {isa = PBXFileReference; lastKnownFileType = image.png; name = btn_save.png; path = Images/btn_save.png; sourceTree = "<group>"; };
		05A08081160726F500EF52BC /* bg_ins3.png */ = {isa = PBXFileReference; lastKnownFileType = image.png; name = bg_ins3.png; path = Images/bg_ins3.png; sourceTree = "<group>"; };
		05A08082160726F500EF52BC /* bg_ins2.png */ = {isa = PBXFileReference; lastKnownFileType = image.png; name = bg_ins2.png; path = Images/bg_ins2.png; sourceTree = "<group>"; };
		05A08083160726F500EF52BC /* bg_ins1.png */ = {isa = PBXFileReference; lastKnownFileType = image.png; name = bg_ins1.png; path = Images/bg_ins1.png; sourceTree = "<group>"; };
		05A08084160726F500EF52BC /* inspect_bg3.png */ = {isa = PBXFileReference; lastKnownFileType = image.png; name = inspect_bg3.png; path = Images/inspect_bg3.png; sourceTree = "<group>"; };
		05A08085160726F500EF52BC /* inspect_bg2.png */ = {isa = PBXFileReference; lastKnownFileType = image.png; name = inspect_bg2.png; path = Images/inspect_bg2.png; sourceTree = "<group>"; };
		05A08086160726F500EF52BC /* inspect_bg1.png */ = {isa = PBXFileReference; lastKnownFileType = image.png; name = inspect_bg1.png; path = Images/inspect_bg1.png; sourceTree = "<group>"; };
		05A08087160726F500EF52BC /* close.png */ = {isa = PBXFileReference; lastKnownFileType = image.png; name = close.png; path = Images/close.png; sourceTree = "<group>"; };
		05A08091160726FE00EF52BC /* inspect2.png */ = {isa = PBXFileReference; lastKnownFileType = image.png; name = inspect2.png; path = Images/inspect2.png; sourceTree = "<group>"; };
		05AF33D8160ADBA300A8B64E /* config.plist */ = {isa = PBXFileReference; fileEncoding = 4; lastKnownFileType = text.plist.xml; path = config.plist; sourceTree = "<group>"; };
		A6A8F5FC15FDA98300E29A1E /* libsqlite3.0.dylib */ = {isa = PBXFileReference; lastKnownFileType = "compiled.mach-o.dylib"; name = libsqlite3.0.dylib; path = usr/lib/libsqlite3.0.dylib; sourceTree = SDKROOT; };
		A6A8F61415FDDE0800E29A1E /* SystemConfiguration.framework */ = {isa = PBXFileReference; lastKnownFileType = wrapper.framework; name = SystemConfiguration.framework; path = System/Library/Frameworks/SystemConfiguration.framework; sourceTree = SDKROOT; };
		A6C6FCDA160721F600AA3685 /* down.png */ = {isa = PBXFileReference; lastKnownFileType = image.png; name = down.png; path = Images/down.png; sourceTree = "<group>"; };
		A6C6FCDB160721F600AA3685 /* down2.png */ = {isa = PBXFileReference; lastKnownFileType = image.png; name = down2.png; path = Images/down2.png; sourceTree = "<group>"; };
		A6C6FCDC160721F600AA3685 /* up.png */ = {isa = PBXFileReference; lastKnownFileType = image.png; name = up.png; path = Images/up.png; sourceTree = "<group>"; };
		A6C6FCDD160721F600AA3685 /* up2.png */ = {isa = PBXFileReference; lastKnownFileType = image.png; name = up2.png; path = Images/up2.png; sourceTree = "<group>"; };
		A6D3E03A160320BB0013BF4C /* alt_bg.png */ = {isa = PBXFileReference; lastKnownFileType = image.png; name = alt_bg.png; path = Images/alt_bg.png; sourceTree = "<group>"; };
		A6D3E03B160320BB0013BF4C /* arrow.png */ = {isa = PBXFileReference; lastKnownFileType = image.png; name = arrow.png; path = Images/arrow.png; sourceTree = "<group>"; };
		A6D3E03C160320BB0013BF4C /* bottom.png */ = {isa = PBXFileReference; lastKnownFileType = image.png; name = bottom.png; path = Images/bottom.png; sourceTree = "<group>"; };
		A6D3E03D160320BB0013BF4C /* btn_back.png */ = {isa = PBXFileReference; lastKnownFileType = image.png; name = btn_back.png; path = Images/btn_back.png; sourceTree = "<group>"; };
		A6D3E03E160320BB0013BF4C /* btn_inspect.png */ = {isa = PBXFileReference; lastKnownFileType = image.png; name = btn_inspect.png; path = Images/btn_inspect.png; sourceTree = "<group>"; };
		A6D3E03F160320BB0013BF4C /* btn.png */ = {isa = PBXFileReference; lastKnownFileType = image.png; name = btn.png; path = Images/btn.png; sourceTree = "<group>"; };
		A6D3E040160320BB0013BF4C /* dqjc_1.png */ = {isa = PBXFileReference; lastKnownFileType = image.png; name = dqjc_1.png; path = Images/dqjc_1.png; sourceTree = "<group>"; };
		A6D3E041160320BB0013BF4C /* fc_1.png */ = {isa = PBXFileReference; lastKnownFileType = image.png; name = fc_1.png; path = Images/fc_1.png; sourceTree = "<group>"; };
		A6D3E042160320BB0013BF4C /* home_bg.png */ = {isa = PBXFileReference; lastKnownFileType = image.png; name = home_bg.png; path = Images/home_bg.png; sourceTree = "<group>"; };
		A6D3E043160320BB0013BF4C /* icon_inspect_edit.png */ = {isa = PBXFileReference; lastKnownFileType = image.png; name = icon_inspect_edit.png; path = Images/icon_inspect_edit.png; sourceTree = "<group>"; };
		A6D3E044160320BB0013BF4C /* icon_inspect.png */ = {isa = PBXFileReference; lastKnownFileType = image.png; name = icon_inspect.png; path = Images/icon_inspect.png; sourceTree = "<group>"; };
		A6D3E045160320BB0013BF4C /* inspect_0.png */ = {isa = PBXFileReference; lastKnownFileType = image.png; name = inspect_0.png; path = Images/inspect_0.png; sourceTree = "<group>"; };
		A6D3E046160320BB0013BF4C /* inspect_bg.png */ = {isa = PBXFileReference; lastKnownFileType = image.png; name = inspect_bg.png; path = Images/inspect_bg.png; sourceTree = "<group>"; };
		A6D3E047160320BB0013BF4C /* inspect.png */ = {isa = PBXFileReference; lastKnownFileType = image.png; name = inspect.png; path = Images/inspect.png; sourceTree = "<group>"; };
		A6D3E048160320BB0013BF4C /* line.png */ = {isa = PBXFileReference; lastKnownFileType = image.png; name = line.png; path = Images/line.png; sourceTree = "<group>"; };
		A6D3E049160320BB0013BF4C /* login_sumit.png */ = {isa = PBXFileReference; lastKnownFileType = image.png; name = login_sumit.png; path = Images/login_sumit.png; sourceTree = "<group>"; };
		A6D3E04A160320BB0013BF4C /* ok.png */ = {isa = PBXFileReference; lastKnownFileType = image.png; name = ok.png; path = Images/ok.png; sourceTree = "<group>"; };
		A6D3E04B160320BB0013BF4C /* sjcc_1.png */ = {isa = PBXFileReference; lastKnownFileType = image.png; name = sjcc_1.png; path = Images/sjcc_1.png; sourceTree = "<group>"; };
		A6D3E04C160320BB0013BF4C /* title_header.png */ = {isa = PBXFileReference; lastKnownFileType = image.png; name = title_header.png; path = Images/title_header.png; sourceTree = "<group>"; };
		A6D3E04D160320BB0013BF4C /* title1.png */ = {isa = PBXFileReference; lastKnownFileType = image.png; name = title1.png; path = Images/title1.png; sourceTree = "<group>"; };
		A6D3E04E160320BB0013BF4C /* update.gif */ = {isa = PBXFileReference; lastKnownFileType = image.gif; name = update.gif; path = Images/update.gif; sourceTree = "<group>"; };
		A6D3E064160321C70013BF4C /* InputViewController.m */ = {isa = PBXFileReference; fileEncoding = 4; lastKnownFileType = sourcecode.c.objc; name = InputViewController.m; path = View/InputViewController.m; sourceTree = "<group>"; };
		A6D3E065160321C70013BF4C /* ManageViewController.h */ = {isa = PBXFileReference; fileEncoding = 4; lastKnownFileType = sourcecode.c.h; name = ManageViewController.h; path = View/ManageViewController.h; sourceTree = "<group>"; };
		A6D3E066160321C70013BF4C /* ManageViewController.xib */ = {isa = PBXFileReference; fileEncoding = 4; lastKnownFileType = file.xib; name = ManageViewController.xib; path = View/ManageViewController.xib; sourceTree = "<group>"; };
		A6D3E067160321C70013BF4C /* ManageViewController.m */ = {isa = PBXFileReference; fileEncoding = 4; lastKnownFileType = sourcecode.c.objc; name = ManageViewController.m; path = View/ManageViewController.m; sourceTree = "<group>"; };
		A6D3E068160321C70013BF4C /* InputSubView.m */ = {isa = PBXFileReference; fileEncoding = 4; lastKnownFileType = sourcecode.c.objc; name = InputSubView.m; path = View/InputSubView.m; sourceTree = "<group>"; };
		A6D3E069160321C70013BF4C /* WelcomeViewController.m */ = {isa = PBXFileReference; fileEncoding = 4; lastKnownFileType = sourcecode.c.objc; name = WelcomeViewController.m; path = View/WelcomeViewController.m; sourceTree = "<group>"; };
		A6D3E06A160321C70013BF4C /* WelcomeViewController.h */ = {isa = PBXFileReference; fileEncoding = 4; lastKnownFileType = sourcecode.c.h; name = WelcomeViewController.h; path = View/WelcomeViewController.h; sourceTree = "<group>"; };
		A6D3E06B160321C70013BF4C /* LoginViewController.m */ = {isa = PBXFileReference; fileEncoding = 4; lastKnownFileType = sourcecode.c.objc; name = LoginViewController.m; path = View/LoginViewController.m; sourceTree = "<group>"; };
		A6D3E06C160321C70013BF4C /* HomeViewController.xib */ = {isa = PBXFileReference; fileEncoding = 4; lastKnownFileType = file.xib; name = HomeViewController.xib; path = View/HomeViewController.xib; sourceTree = "<group>"; };
		A6D3E06D160321C70013BF4C /* HomeViewController.m */ = {isa = PBXFileReference; fileEncoding = 4; lastKnownFileType = sourcecode.c.objc; name = HomeViewController.m; path = View/HomeViewController.m; sourceTree = "<group>"; };
		A6D3E06E160321C70013BF4C /* LoginViewController.h */ = {isa = PBXFileReference; fileEncoding = 4; lastKnownFileType = sourcecode.c.h; name = LoginViewController.h; path = View/LoginViewController.h; sourceTree = "<group>"; };
		A6D3E06F160321C70013BF4C /* InputViewController.h */ = {isa = PBXFileReference; fileEncoding = 4; lastKnownFileType = sourcecode.c.h; name = InputViewController.h; path = View/InputViewController.h; sourceTree = "<group>"; };
		A6D3E070160321C70013BF4C /* InputViewController.xib */ = {isa = PBXFileReference; fileEncoding = 4; lastKnownFileType = file.xib; name = InputViewController.xib; path = View/InputViewController.xib; sourceTree = "<group>"; };
		A6D3E071160321C70013BF4C /* InputSubView.xib */ = {isa = PBXFileReference; fileEncoding = 4; lastKnownFileType = file.xib; name = InputSubView.xib; path = View/InputSubView.xib; sourceTree = "<group>"; };
		A6D3E072160321C70013BF4C /* LoginViewController.xib */ = {isa = PBXFileReference; fileEncoding = 4; lastKnownFileType = file.xib; name = LoginViewController.xib; path = View/LoginViewController.xib; sourceTree = "<group>"; };
		A6D3E073160321C70013BF4C /* HomeViewController.h */ = {isa = PBXFileReference; fileEncoding = 4; lastKnownFileType = sourcecode.c.h; name = HomeViewController.h; path = View/HomeViewController.h; sourceTree = "<group>"; };
		A6D3E074160321C70013BF4C /* WelcomeViewController.xib */ = {isa = PBXFileReference; fileEncoding = 4; lastKnownFileType = file.xib; name = WelcomeViewController.xib; path = View/WelcomeViewController.xib; sourceTree = "<group>"; };
		A6D3E08F160321DC0013BF4C /* InputSubView.h */ = {isa = PBXFileReference; fileEncoding = 4; lastKnownFileType = sourcecode.c.h; name = InputSubView.h; path = Class/InputSubView.h; sourceTree = "<group>"; };
		A6D3E0B01603226A0013BF4C /* FirstItemViewController.h */ = {isa = PBXFileReference; fileEncoding = 4; lastKnownFileType = sourcecode.c.h; path = FirstItemViewController.h; sourceTree = "<group>"; };
		A6D3E0B11603226A0013BF4C /* FirstItemViewController.m */ = {isa = PBXFileReference; fileEncoding = 4; lastKnownFileType = sourcecode.c.objc; path = FirstItemViewController.m; sourceTree = "<group>"; };
		A6D3E0B21603226A0013BF4C /* InspectTableViewCell.h */ = {isa = PBXFileReference; fileEncoding = 4; lastKnownFileType = sourcecode.c.h; path = InspectTableViewCell.h; sourceTree = "<group>"; };
		A6D3E0B31603226A0013BF4C /* InspectTableViewCell.m */ = {isa = PBXFileReference; fileEncoding = 4; lastKnownFileType = sourcecode.c.objc; path = InspectTableViewCell.m; sourceTree = "<group>"; };
		A6D3E0B41603226A0013BF4C /* InspectTableViewCell.xib */ = {isa = PBXFileReference; fileEncoding = 4; lastKnownFileType = file.xib; path = InspectTableViewCell.xib; sourceTree = "<group>"; };
		A6D3E0B51603226A0013BF4C /* InspectViewController.h */ = {isa = PBXFileReference; fileEncoding = 4; lastKnownFileType = sourcecode.c.h; path = InspectViewController.h; sourceTree = "<group>"; };
		A6D3E0B61603226A0013BF4C /* InspectViewController.m */ = {isa = PBXFileReference; fileEncoding = 4; lastKnownFileType = sourcecode.c.objc; path = InspectViewController.m; sourceTree = "<group>"; };
		A6D3E0B71603226A0013BF4C /* InspectViewController.xib */ = {isa = PBXFileReference; fileEncoding = 4; lastKnownFileType = file.xib; path = InspectViewController.xib; sourceTree = "<group>"; };
		A6D3E0B81603226A0013BF4C /* PopViewController.h */ = {isa = PBXFileReference; fileEncoding = 4; lastKnownFileType = sourcecode.c.h; path = PopViewController.h; sourceTree = "<group>"; };
		A6D3E0B91603226A0013BF4C /* PopViewController.m */ = {isa = PBXFileReference; fileEncoding = 4; lastKnownFileType = sourcecode.c.objc; path = PopViewController.m; sourceTree = "<group>"; };
		A6D3E0BA1603226A0013BF4C /* PopViewController.xib */ = {isa = PBXFileReference; fileEncoding = 4; lastKnownFileType = file.xib; path = PopViewController.xib; sourceTree = "<group>"; };
		A6D3E0BB1603226A0013BF4C /* SecondItemViewController.h */ = {isa = PBXFileReference; fileEncoding = 4; lastKnownFileType = sourcecode.c.h; path = SecondItemViewController.h; sourceTree = "<group>"; };
		A6D3E0BC1603226A0013BF4C /* SecondItemViewController.m */ = {isa = PBXFileReference; fileEncoding = 4; lastKnownFileType = sourcecode.c.objc; path = SecondItemViewController.m; sourceTree = "<group>"; };
		A6D3E0BD1603226A0013BF4C /* ThirdLevelTableViewCell.h */ = {isa = PBXFileReference; fileEncoding = 4; lastKnownFileType = sourcecode.c.h; path = ThirdLevelTableViewCell.h; sourceTree = "<group>"; };
		A6D3E0BE1603226A0013BF4C /* ThirdLevelTableViewCell.m */ = {isa = PBXFileReference; fileEncoding = 4; lastKnownFileType = sourcecode.c.objc; path = ThirdLevelTableViewCell.m; sourceTree = "<group>"; };
		A6D3E0BF1603226A0013BF4C /* ThirdLevelTableViewCell.xib */ = {isa = PBXFileReference; fileEncoding = 4; lastKnownFileType = file.xib; path = ThirdLevelTableViewCell.xib; sourceTree = "<group>"; };
		A6D3E0C11603226A0013BF4C /* InspectItemModel.h */ = {isa = PBXFileReference; fileEncoding = 4; lastKnownFileType = sourcecode.c.h; path = InspectItemModel.h; sourceTree = "<group>"; };
		A6D3E0C21603226A0013BF4C /* InspectItemModel.m */ = {isa = PBXFileReference; fileEncoding = 4; lastKnownFileType = sourcecode.c.objc; path = InspectItemModel.m; sourceTree = "<group>"; };
		A6D3E0C31603226A0013BF4C /* InspectModel.h */ = {isa = PBXFileReference; fileEncoding = 4; lastKnownFileType = sourcecode.c.h; path = InspectModel.h; sourceTree = "<group>"; };
		A6D3E0C41603226A0013BF4C /* InspectModel.m */ = {isa = PBXFileReference; fileEncoding = 4; lastKnownFileType = sourcecode.c.objc; path = InspectModel.m; sourceTree = "<group>"; };
		A6D3E0C51603226A0013BF4C /* ScoreItemModel.h */ = {isa = PBXFileReference; fileEncoding = 4; lastKnownFileType = sourcecode.c.h; path = ScoreItemModel.h; sourceTree = "<group>"; };
		A6D3E0C61603226A0013BF4C /* ScoreItemModel.m */ = {isa = PBXFileReference; fileEncoding = 4; lastKnownFileType = sourcecode.c.objc; path = ScoreItemModel.m; sourceTree = "<group>"; };
		A6D3E0C81603226A0013BF4C /* InspectService.h */ = {isa = PBXFileReference; fileEncoding = 4; lastKnownFileType = sourcecode.c.h; path = InspectService.h; sourceTree = "<group>"; };
		A6D3E0C91603226A0013BF4C /* InspectService.m */ = {isa = PBXFileReference; fileEncoding = 4; lastKnownFileType = sourcecode.c.objc; path = InspectService.m; sourceTree = "<group>"; };
		A6D3E0DE160325690013BF4C /* QuartzCore.framework */ = {isa = PBXFileReference; lastKnownFileType = wrapper.framework; name = QuartzCore.framework; path = System/Library/Frameworks/QuartzCore.framework; sourceTree = SDKROOT; };
/* End PBXFileReference section */

/* Begin PBXFrameworksBuildPhase section */
		050CECD215F600410044CCB9 /* Frameworks */ = {
			isa = PBXFrameworksBuildPhase;
			buildActionMask = 2147483647;
			files = (
				A6D3E0DF160325690013BF4C /* QuartzCore.framework in Frameworks */,
				A6A8F61515FDDE0800E29A1E /* SystemConfiguration.framework in Frameworks */,
				A6A8F5FD15FDA98300E29A1E /* libsqlite3.0.dylib in Frameworks */,
				050CECDA15F600410044CCB9 /* UIKit.framework in Frameworks */,
				050CECDC15F600410044CCB9 /* Foundation.framework in Frameworks */,
				050CECDE15F600410044CCB9 /* CoreGraphics.framework in Frameworks */,
			);
			runOnlyForDeploymentPostprocessing = 0;
		};
/* End PBXFrameworksBuildPhase section */

/* Begin PBXGroup section */
		050CECCA15F600410044CCB9 = {
			isa = PBXGroup;
			children = (
				050CECDF15F600410044CCB9 /* CC */,
				050CECD815F600410044CCB9 /* Frameworks */,
				050CECD615F600410044CCB9 /* Products */,
			);
			sourceTree = "<group>";
		};
		050CECD615F600410044CCB9 /* Products */ = {
			isa = PBXGroup;
			children = (
				050CECD515F600410044CCB9 /* CC.app */,
			);
			name = Products;
			sourceTree = "<group>";
		};
		050CECD815F600410044CCB9 /* Frameworks */ = {
			isa = PBXGroup;
			children = (
				A6D3E0DE160325690013BF4C /* QuartzCore.framework */,
				A6A8F5FC15FDA98300E29A1E /* libsqlite3.0.dylib */,
				050CECDD15F600410044CCB9 /* CoreGraphics.framework */,
				050CECDB15F600410044CCB9 /* Foundation.framework */,
				A6A8F61415FDDE0800E29A1E /* SystemConfiguration.framework */,
				050CECD915F600410044CCB9 /* UIKit.framework */,
			);
			name = Frameworks;
			sourceTree = "<group>";
		};
		050CECDF15F600410044CCB9 /* CC */ = {
			isa = PBXGroup;
			children = (
				05AF33D8160ADBA300A8B64E /* config.plist */,
				05A0806D160725FC00EF52BC /* Controls */,
				050CECE815F600410044CCB9 /* AppDelegate.h */,
				050CECE915F600410044CCB9 /* AppDelegate.m */,
				A6790FB615FD8F9A00F2655E /* Class */,
				A6790F6C15FD8DCE00F2655E /* Images */,
				A6D3E0AF1603226A0013BF4C /* Inspect */,
				A6D3E0C01603226A0013BF4C /* Models */,
				A6D3E0C71603226A0013BF4C /* Services */,
				050CECE015F600410044CCB9 /* Supporting Files */,
				A6790F6E15FD8DE100F2655E /* View */,
			);
			path = CC;
			sourceTree = "<group>";
		};
		050CECE015F600410044CCB9 /* Supporting Files */ = {
			isa = PBXGroup;
			children = (
				050CECE115F600410044CCB9 /* CC-Info.plist */,
				050CECE215F600410044CCB9 /* InfoPlist.strings */,
				050CECE515F600410044CCB9 /* main.m */,
				050CECE715F600410044CCB9 /* CC-Prefix.pch */,
			);
			name = "Supporting Files";
			sourceTree = "<group>";
		};
		0579A4E2160810ED00309253 /* MCSegmentedControl */ = {
			isa = PBXGroup;
			children = (
				0579A4E3160810ED00309253 /* MCSegmentedControl.h */,
				0579A4E4160810ED00309253 /* MCSegmentedControl.m */,
			);
			path = MCSegmentedControl;
			sourceTree = "<group>";
		};
		05A0806D160725FC00EF52BC /* Controls */ = {
			isa = PBXGroup;
			children = (
				0579A4E2160810ED00309253 /* MCSegmentedControl */,
				05A0806E160725FC00EF52BC /* Switch */,
			);
			path = Controls;
			sourceTree = "<group>";
		};
		05A0806E160725FC00EF52BC /* Switch */ = {
			isa = PBXGroup;
			children = (
				05A0806F160725FC00EF52BC /* DCRoundSwitch.h */,
				05A08070160725FC00EF52BC /* DCRoundSwitch.m */,
				05A08071160725FC00EF52BC /* DCRoundSwitchKnobLayer.h */,
				05A08072160725FC00EF52BC /* DCRoundSwitchKnobLayer.m */,
				05A08073160725FC00EF52BC /* DCRoundSwitchOutlineLayer.h */,
				05A08074160725FC00EF52BC /* DCRoundSwitchOutlineLayer.m */,
				05A08075160725FC00EF52BC /* DCRoundSwitchToggleLayer.h */,
				05A08076160725FC00EF52BC /* DCRoundSwitchToggleLayer.m */,
			);
			path = Switch;
			sourceTree = "<group>";
		};
		A6790F6C15FD8DCE00F2655E /* Images */ = {
			isa = PBXGroup;
			children = (
				0579A4E71608132100309253 /* inspectTable.png */,
				05A08091160726FE00EF52BC /* inspect2.png */,
				05A0807F160726F500EF52BC /* btn_submit.png */,
				05A08080160726F500EF52BC /* btn_save.png */,
				05A08081160726F500EF52BC /* bg_ins3.png */,
				05A08082160726F500EF52BC /* bg_ins2.png */,
				05A08083160726F500EF52BC /* bg_ins1.png */,
				05A08084160726F500EF52BC /* inspect_bg3.png */,
				05A08085160726F500EF52BC /* inspect_bg2.png */,
				05A08086160726F500EF52BC /* inspect_bg1.png */,
				05A08087160726F500EF52BC /* close.png */,
				05A0807D160726D700EF52BC /* bg_inst.png */,
				05A0807B1607265D00EF52BC /* login.jpg */,
				A6C6FCDA160721F600AA3685 /* down.png */,
				A6C6FCDB160721F600AA3685 /* down2.png */,
				A6C6FCDC160721F600AA3685 /* up.png */,
				A6C6FCDD160721F600AA3685 /* up2.png */,
				A6D3E03A160320BB0013BF4C /* alt_bg.png */,
				A6D3E03B160320BB0013BF4C /* arrow.png */,
				A6D3E03C160320BB0013BF4C /* bottom.png */,
				A6D3E03D160320BB0013BF4C /* btn_back.png */,
				A6D3E03E160320BB0013BF4C /* btn_inspect.png */,
				A6D3E03F160320BB0013BF4C /* btn.png */,
				A6D3E040160320BB0013BF4C /* dqjc_1.png */,
				A6D3E041160320BB0013BF4C /* fc_1.png */,
				A6D3E042160320BB0013BF4C /* home_bg.png */,
				A6D3E043160320BB0013BF4C /* icon_inspect_edit.png */,
				A6D3E044160320BB0013BF4C /* icon_inspect.png */,
				A6D3E045160320BB0013BF4C /* inspect_0.png */,
				A6D3E046160320BB0013BF4C /* inspect_bg.png */,
				A6D3E047160320BB0013BF4C /* inspect.png */,
				A6D3E048160320BB0013BF4C /* line.png */,
				A6D3E049160320BB0013BF4C /* login_sumit.png */,
				A6D3E04A160320BB0013BF4C /* ok.png */,
				A6D3E04B160320BB0013BF4C /* sjcc_1.png */,
				A6D3E04C160320BB0013BF4C /* title_header.png */,
				A6D3E04D160320BB0013BF4C /* title1.png */,
				A6D3E04E160320BB0013BF4C /* update.gif */,
			);
			name = Images;
			sourceTree = "<group>";
		};
		A6790F6E15FD8DE100F2655E /* View */ = {
			isa = PBXGroup;
			children = (
				A6D3E073160321C70013BF4C /* HomeViewController.h */,
				A6D3E06D160321C70013BF4C /* HomeViewController.m */,
				A6D3E06C160321C70013BF4C /* HomeViewController.xib */,
				A6D3E08F160321DC0013BF4C /* InputSubView.h */,
				A6D3E068160321C70013BF4C /* InputSubView.m */,
				A6D3E071160321C70013BF4C /* InputSubView.xib */,
				A6D3E06F160321C70013BF4C /* InputViewController.h */,
				A6D3E064160321C70013BF4C /* InputViewController.m */,
				A6D3E070160321C70013BF4C /* InputViewController.xib */,
				A6D3E06E160321C70013BF4C /* LoginViewController.h */,
				A6D3E06B160321C70013BF4C /* LoginViewController.m */,
				A6D3E072160321C70013BF4C /* LoginViewController.xib */,
				A6D3E065160321C70013BF4C /* ManageViewController.h */,
				A6D3E067160321C70013BF4C /* ManageViewController.m */,
				A6D3E066160321C70013BF4C /* ManageViewController.xib */,
				A6D3E06A160321C70013BF4C /* WelcomeViewController.h */,
				A6D3E069160321C70013BF4C /* WelcomeViewController.m */,
				A6D3E074160321C70013BF4C /* WelcomeViewController.xib */,
			);
			name = View;
			sourceTree = "<group>";
		};
		A6790FB615FD8F9A00F2655E /* Class */ = {
			isa = PBXGroup;
			children = (
				05A0804F160725B000EF52BC /* CellService.h */,
				05A08044160725B000EF52BC /* CellService.m */,
				05A08049160725B000EF52BC /* Common.h */,
				05A0804A160725B000EF52BC /* Common.m */,
				05A08051160725B000EF52BC /* Config.h */,
				05A08050160725B000EF52BC /* Config.m */,
				05A08048160725B000EF52BC /* DatabaseHelper.h */,
				05A08046160725B000EF52BC /* DatabaseHelper.m */,
				05A08045160725B000EF52BC /* LogicBase.h */,
				05A08043160725B000EF52BC /* LogicBase.m */,
				05A08052160725B000EF52BC /* Reachability.h */,
				05A08053160725B000EF52BC /* Reachability.m */,
				05A0804D160725B000EF52BC /* Settings.h */,
				05A0804E160725B000EF52BC /* Settings.m */,
				05A0804B160725B000EF52BC /* Update.h */,
				05A08047160725B000EF52BC /* Update.m */,
				05A0804C160725B000EF52BC /* ViewDelegate.h */,
			);
			name = Class;
			sourceTree = "<group>";
		};
		A6D3E0AF1603226A0013BF4C /* Inspect */ = {
			isa = PBXGroup;
			children = (
				A6D3E0B01603226A0013BF4C /* FirstItemViewController.h */,
				A6D3E0B11603226A0013BF4C /* FirstItemViewController.m */,
				A6D3E0B21603226A0013BF4C /* InspectTableViewCell.h */,
				A6D3E0B31603226A0013BF4C /* InspectTableViewCell.m */,
				A6D3E0B41603226A0013BF4C /* InspectTableViewCell.xib */,
				A6D3E0B51603226A0013BF4C /* InspectViewController.h */,
				A6D3E0B61603226A0013BF4C /* InspectViewController.m */,
				A6D3E0B71603226A0013BF4C /* InspectViewController.xib */,
				A6D3E0B81603226A0013BF4C /* PopViewController.h */,
				A6D3E0B91603226A0013BF4C /* PopViewController.m */,
				A6D3E0BA1603226A0013BF4C /* PopViewController.xib */,
				A6D3E0BB1603226A0013BF4C /* SecondItemViewController.h */,
				A6D3E0BC1603226A0013BF4C /* SecondItemViewController.m */,
				A6D3E0BD1603226A0013BF4C /* ThirdLevelTableViewCell.h */,
				A6D3E0BE1603226A0013BF4C /* ThirdLevelTableViewCell.m */,
				A6D3E0BF1603226A0013BF4C /* ThirdLevelTableViewCell.xib */,
			);
			path = Inspect;
			sourceTree = "<group>";
		};
		A6D3E0C01603226A0013BF4C /* Models */ = {
			isa = PBXGroup;
			children = (
				A6D3E0C11603226A0013BF4C /* InspectItemModel.h */,
				A6D3E0C21603226A0013BF4C /* InspectItemModel.m */,
				A6D3E0C31603226A0013BF4C /* InspectModel.h */,
				A6D3E0C41603226A0013BF4C /* InspectModel.m */,
				A6D3E0C51603226A0013BF4C /* ScoreItemModel.h */,
				A6D3E0C61603226A0013BF4C /* ScoreItemModel.m */,
			);
			path = Models;
			sourceTree = "<group>";
		};
		A6D3E0C71603226A0013BF4C /* Services */ = {
			isa = PBXGroup;
			children = (
				A6D3E0C81603226A0013BF4C /* InspectService.h */,
				A6D3E0C91603226A0013BF4C /* InspectService.m */,
			);
			path = Services;
			sourceTree = "<group>";
		};
/* End PBXGroup section */

/* Begin PBXNativeTarget section */
		050CECD415F600410044CCB9 /* CC */ = {
			isa = PBXNativeTarget;
			buildConfigurationList = 050CECED15F600410044CCB9 /* Build configuration list for PBXNativeTarget "CC" */;
			buildPhases = (
				050CECD115F600410044CCB9 /* Sources */,
				050CECD215F600410044CCB9 /* Frameworks */,
				050CECD315F600410044CCB9 /* Resources */,
			);
			buildRules = (
			);
			dependencies = (
			);
			name = CC;
			productName = CC;
			productReference = 050CECD515F600410044CCB9 /* CC.app */;
			productType = "com.apple.product-type.application";
		};
/* End PBXNativeTarget section */

/* Begin PBXProject section */
		050CECCC15F600410044CCB9 /* Project object */ = {
			isa = PBXProject;
			attributes = {
				LastUpgradeCheck = 0440;
				ORGANIZATIONNAME = TelSafe;
			};
			buildConfigurationList = 050CECCF15F600410044CCB9 /* Build configuration list for PBXProject "CC" */;
			compatibilityVersion = "Xcode 3.2";
			developmentRegion = English;
			hasScannedForEncodings = 0;
			knownRegions = (
				en,
			);
			mainGroup = 050CECCA15F600410044CCB9;
			productRefGroup = 050CECD615F600410044CCB9 /* Products */;
			projectDirPath = "";
			projectRoot = "";
			targets = (
				050CECD415F600410044CCB9 /* CC */,
			);
		};
/* End PBXProject section */

/* Begin PBXResourcesBuildPhase section */
		050CECD315F600410044CCB9 /* Resources */ = {
			isa = PBXResourcesBuildPhase;
			buildActionMask = 2147483647;
			files = (
				050CECE415F600410044CCB9 /* InfoPlist.strings in Resources */,
				A6D3E04F160320BB0013BF4C /* alt_bg.png in Resources */,
				A6D3E050160320BB0013BF4C /* arrow.png in Resources */,
				A6D3E051160320BB0013BF4C /* bottom.png in Resources */,
				A6D3E052160320BB0013BF4C /* btn_back.png in Resources */,
				A6D3E053160320BB0013BF4C /* btn_inspect.png in Resources */,
				A6D3E054160320BB0013BF4C /* btn.png in Resources */,
				A6D3E055160320BB0013BF4C /* dqjc_1.png in Resources */,
				A6D3E056160320BB0013BF4C /* fc_1.png in Resources */,
				A6D3E057160320BB0013BF4C /* home_bg.png in Resources */,
				A6D3E058160320BB0013BF4C /* icon_inspect_edit.png in Resources */,
				A6D3E059160320BB0013BF4C /* icon_inspect.png in Resources */,
				A6D3E05A160320BB0013BF4C /* inspect_0.png in Resources */,
				A6D3E05B160320BB0013BF4C /* inspect_bg.png in Resources */,
				A6D3E05C160320BB0013BF4C /* inspect.png in Resources */,
				A6D3E05D160320BB0013BF4C /* line.png in Resources */,
				A6D3E05E160320BB0013BF4C /* login_sumit.png in Resources */,
				A6D3E05F160320BB0013BF4C /* ok.png in Resources */,
				A6D3E060160320BB0013BF4C /* sjcc_1.png in Resources */,
				A6D3E061160320BB0013BF4C /* title_header.png in Resources */,
				A6D3E062160320BB0013BF4C /* title1.png in Resources */,
				A6D3E063160320BB0013BF4C /* update.gif in Resources */,
				A6D3E076160321C70013BF4C /* ManageViewController.xib in Resources */,
				A6D3E07B160321C70013BF4C /* HomeViewController.xib in Resources */,
				A6D3E07D160321C70013BF4C /* InputViewController.xib in Resources */,
				A6D3E07E160321C70013BF4C /* InputSubView.xib in Resources */,
				A6D3E07F160321C70013BF4C /* LoginViewController.xib in Resources */,
				A6D3E080160321C70013BF4C /* WelcomeViewController.xib in Resources */,
				A6D3E0D21603226A0013BF4C /* InspectTableViewCell.xib in Resources */,
				A6D3E0D41603226A0013BF4C /* InspectViewController.xib in Resources */,
				A6D3E0D61603226A0013BF4C /* PopViewController.xib in Resources */,
				A6D3E0D91603226A0013BF4C /* ThirdLevelTableViewCell.xib in Resources */,
				A6C6FCDE160721F600AA3685 /* down.png in Resources */,
				A6C6FCDF160721F600AA3685 /* down2.png in Resources */,
				A6C6FCE0160721F600AA3685 /* up.png in Resources */,
				A6C6FCE1160721F600AA3685 /* up2.png in Resources */,
				05A0807C1607265D00EF52BC /* login.jpg in Resources */,
				05A0807E160726D700EF52BC /* bg_inst.png in Resources */,
				05A08088160726F500EF52BC /* btn_submit.png in Resources */,
				05A08089160726F500EF52BC /* btn_save.png in Resources */,
				05A0808A160726F500EF52BC /* bg_ins3.png in Resources */,
				05A0808B160726F500EF52BC /* bg_ins2.png in Resources */,
				05A0808C160726F500EF52BC /* bg_ins1.png in Resources */,
				05A0808D160726F500EF52BC /* inspect_bg3.png in Resources */,
				05A0808E160726F500EF52BC /* inspect_bg2.png in Resources */,
				05A0808F160726F500EF52BC /* inspect_bg1.png in Resources */,
				05A08090160726F500EF52BC /* close.png in Resources */,
				05A08092160726FE00EF52BC /* inspect2.png in Resources */,
				0579A4E81608132100309253 /* inspectTable.png in Resources */,
				05AF33D9160ADBA400A8B64E /* config.plist in Resources */,
			);
			runOnlyForDeploymentPostprocessing = 0;
		};
/* End PBXResourcesBuildPhase section */

/* Begin PBXSourcesBuildPhase section */
		050CECD115F600410044CCB9 /* Sources */ = {
			isa = PBXSourcesBuildPhase;
			buildActionMask = 2147483647;
			files = (
				050CECE615F600410044CCB9 /* main.m in Sources */,
				050CECEA15F600410044CCB9 /* AppDelegate.m in Sources */,
				A6D3E075160321C70013BF4C /* InputViewController.m in Sources */,
				A6D3E077160321C70013BF4C /* ManageViewController.m in Sources */,
				A6D3E078160321C70013BF4C /* InputSubView.m in Sources */,
				A6D3E079160321C70013BF4C /* WelcomeViewController.m in Sources */,
				A6D3E07A160321C70013BF4C /* LoginViewController.m in Sources */,
				A6D3E07C160321C70013BF4C /* HomeViewController.m in Sources */,
				A6D3E0D01603226A0013BF4C /* FirstItemViewController.m in Sources */,
				A6D3E0D11603226A0013BF4C /* InspectTableViewCell.m in Sources */,
				A6D3E0D31603226A0013BF4C /* InspectViewController.m in Sources */,
				A6D3E0D51603226A0013BF4C /* PopViewController.m in Sources */,
				A6D3E0D71603226A0013BF4C /* SecondItemViewController.m in Sources */,
				A6D3E0D81603226A0013BF4C /* ThirdLevelTableViewCell.m in Sources */,
				A6D3E0DA1603226A0013BF4C /* InspectItemModel.m in Sources */,
				A6D3E0DB1603226A0013BF4C /* InspectModel.m in Sources */,
				A6D3E0DC1603226A0013BF4C /* ScoreItemModel.m in Sources */,
				A6D3E0DD1603226A0013BF4C /* InspectService.m in Sources */,
				05A08054160725B000EF52BC /* LogicBase.m in Sources */,
				05A08055160725B000EF52BC /* CellService.m in Sources */,
				05A08056160725B000EF52BC /* DatabaseHelper.m in Sources */,
				05A08057160725B000EF52BC /* Update.m in Sources */,
				05A08058160725B000EF52BC /* Common.m in Sources */,
				05A08059160725B000EF52BC /* Settings.m in Sources */,
				05A0805A160725B000EF52BC /* Config.m in Sources */,
				05A0805B160725B000EF52BC /* Reachability.m in Sources */,
				05A08077160725FC00EF52BC /* DCRoundSwitch.m in Sources */,
				05A08078160725FC00EF52BC /* DCRoundSwitchKnobLayer.m in Sources */,
				05A08079160725FC00EF52BC /* DCRoundSwitchOutlineLayer.m in Sources */,
				05A0807A160725FC00EF52BC /* DCRoundSwitchToggleLayer.m in Sources */,
				0579A4E5160810ED00309253 /* MCSegmentedControl.m in Sources */,
			);
			runOnlyForDeploymentPostprocessing = 0;
		};
/* End PBXSourcesBuildPhase section */

/* Begin PBXVariantGroup section */
		050CECE215F600410044CCB9 /* InfoPlist.strings */ = {
			isa = PBXVariantGroup;
			children = (
				050CECE315F600410044CCB9 /* en */,
			);
			name = InfoPlist.strings;
			sourceTree = "<group>";
		};
/* End PBXVariantGroup section */

/* Begin XCBuildConfiguration section */
		050CECEB15F600410044CCB9 /* Debug */ = {
			isa = XCBuildConfiguration;
			buildSettings = {
				ALWAYS_SEARCH_USER_PATHS = NO;
				ARCHS = "$(ARCHS_STANDARD_32_BIT)";
				CLANG_CXX_LANGUAGE_STANDARD = "gnu++0x";
				CLANG_ENABLE_OBJC_ARC = YES;
				CLANG_WARN__DUPLICATE_METHOD_MATCH = YES;
				"CODE_SIGN_IDENTITY[sdk=iphoneos*]" = "iPhone Developer";
				COPY_PHASE_STRIP = NO;
				GCC_C_LANGUAGE_STANDARD = gnu99;
				GCC_DYNAMIC_NO_PIC = NO;
				GCC_OPTIMIZATION_LEVEL = 0;
				GCC_PREPROCESSOR_DEFINITIONS = (
					"DEBUG=1",
					"$(inherited)",
				);
				GCC_SYMBOLS_PRIVATE_EXTERN = NO;
				GCC_VERSION = com.apple.compilers.llvm.clang.1_0;
				GCC_WARN_ABOUT_RETURN_TYPE = YES;
				GCC_WARN_UNINITIALIZED_AUTOS = YES;
				GCC_WARN_UNUSED_VARIABLE = YES;
				IPHONEOS_DEPLOYMENT_TARGET = 5.1;
				SDKROOT = iphoneos;
				TARGETED_DEVICE_FAMILY = 2;
			};
			name = Debug;
		};
		050CECEC15F600410044CCB9 /* Release */ = {
			isa = XCBuildConfiguration;
			buildSettings = {
				ALWAYS_SEARCH_USER_PATHS = NO;
				ARCHS = "$(ARCHS_STANDARD_32_BIT)";
				CLANG_CXX_LANGUAGE_STANDARD = "gnu++0x";
				CLANG_ENABLE_OBJC_ARC = YES;
				CLANG_WARN__DUPLICATE_METHOD_MATCH = YES;
				"CODE_SIGN_IDENTITY[sdk=iphoneos*]" = "iPhone Developer";
				COPY_PHASE_STRIP = YES;
				GCC_C_LANGUAGE_STANDARD = gnu99;
				GCC_VERSION = com.apple.compilers.llvm.clang.1_0;
				GCC_WARN_ABOUT_RETURN_TYPE = YES;
				GCC_WARN_UNINITIALIZED_AUTOS = YES;
				GCC_WARN_UNUSED_VARIABLE = YES;
				IPHONEOS_DEPLOYMENT_TARGET = 5.1;
				OTHER_CFLAGS = "-DNS_BLOCK_ASSERTIONS=1";
				SDKROOT = iphoneos;
				TARGETED_DEVICE_FAMILY = 2;
				VALIDATE_PRODUCT = YES;
			};
			name = Release;
		};
		050CECEE15F600410044CCB9 /* Debug */ = {
			isa = XCBuildConfiguration;
			buildSettings = {
				GCC_PRECOMPILE_PREFIX_HEADER = YES;
				GCC_PREFIX_HEADER = "CC/CC-Prefix.pch";
				INFOPLIST_FILE = "CC/CC-Info.plist";
				IPHONEOS_DEPLOYMENT_TARGET = 5.1;
				PRODUCT_NAME = "$(TARGET_NAME)";
				WRAPPER_EXTENSION = app;
			};
			name = Debug;
		};
		050CECEF15F600410044CCB9 /* Release */ = {
			isa = XCBuildConfiguration;
			buildSettings = {
				GCC_PRECOMPILE_PREFIX_HEADER = YES;
				GCC_PREFIX_HEADER = "CC/CC-Prefix.pch";
				INFOPLIST_FILE = "CC/CC-Info.plist";
				IPHONEOS_DEPLOYMENT_TARGET = 5.1;
				PRODUCT_NAME = "$(TARGET_NAME)";
				WRAPPER_EXTENSION = app;
			};
			name = Release;
		};
/* End XCBuildConfiguration section */

/* Begin XCConfigurationList section */
		050CECCF15F600410044CCB9 /* Build configuration list for PBXProject "CC" */ = {
			isa = XCConfigurationList;
			buildConfigurations = (
				050CECEB15F600410044CCB9 /* Debug */,
				050CECEC15F600410044CCB9 /* Release */,
			);
			defaultConfigurationIsVisible = 0;
			defaultConfigurationName = Debug;
		};
		050CECED15F600410044CCB9 /* Build configuration list for PBXNativeTarget "CC" */ = {
			isa = XCConfigurationList;
			buildConfigurations = (
				050CECEE15F600410044CCB9 /* Debug */,
				050CECEF15F600410044CCB9 /* Release */,
			);
			defaultConfigurationIsVisible = 0;
			defaultConfigurationName = Debug;
		};
/* End XCConfigurationList section */
	};
	rootObject = 050CECCC15F600410044CCB9 /* Project object */;
}
